
Microsoft Visual Studio Solution File, Format Version 12.00
# Visual Studio Version 16
VisualStudioVersion = 16.0.30011.22
MinimumVisualStudioVersion = 10.0.40219.1
Project("{888888A0-9F3D-457C-B088-3A5042F75D52}") = "Sale.Web", "Sale.Web\Sale.Web.pyproj", "{746E5DA2-3214-4D86-A15F-40A3B5E9B368}"
EndProject
Global
	GlobalSection(SolutionConfigurationPlatforms) = preSolution
		Debug|Any CPU = Debug|Any CPU
		Release|Any CPU = Release|Any CPU
	EndGlobalSection
	GlobalSection(ProjectConfigurationPlatforms) = postSolution
		{746E5DA2-3214-4D86-A15F-40A3B5E9B368}.Debug|Any CPU.ActiveCfg = Debug|Any CPU
		{746E5DA2-3214-4D86-A15F-40A3B5E9B368}.Debug|Any CPU.Build.0 = Debug|Any CPU
		{746E5DA2-3214-4D86-A15F-40A3B5E9B368}.Release|Any CPU.ActiveCfg = Release|Any CPU
		{746E5DA2-3214-4D86-A15F-40A3B5E9B368}.Release|Any CPU.Build.0 = Release|Any CPU
	EndGlobalSection
	GlobalSection(SolutionProperties) = preSolution
		HideSolutionNode = FALSE
	EndGlobalSection
	GlobalSection(ExtensibilityGlobals) = postSolution
		SolutionGuid = {C23A9563-ADB2-42C5-B41F-8CEE08C48E91}
	EndGlobalSection
EndGlobal
